
Microsoft Visual Studio Solution File, Format Version 12.00
# Visual Studio Version 17
VisualStudioVersion = 17.7.34221.43
MinimumVisualStudioVersion = 10.0.40219.1
Project("{FAE04EC0-301F-11D3-BF4B-00C04F79EFBC}") = "Json", "Json\Json.csproj", "{D6344D4A-F4FB-4AC0-8A39-5E3394D7A18E}"
EndProject
Global
	GlobalSection(SolutionConfigurationPlatforms) = preSolution
		Debug|Any CPU = Debug|Any CPU
		Release|Any CPU = Release|Any CPU
	EndGlobalSection
	GlobalSection(ProjectConfigurationPlatforms) = postSolution
		{D6344D4A-F4FB-4AC0-8A39-5E3394D7A18E}.Debug|Any CPU.ActiveCfg = Debug|Any CPU
		{D6344D4A-F4FB-4AC0-8A39-5E3394D7A18E}.Debug|Any CPU.Build.0 = Debug|Any CPU
		{D6344D4A-F4FB-4AC0-8A39-5E3394D7A18E}.Release|Any CPU.ActiveCfg = Release|Any CPU
		{D6344D4A-F4FB-4AC0-8A39-5E3394D7A18E}.Release|Any CPU.Build.0 = Release|Any CPU
	EndGlobalSection
	GlobalSection(SolutionProperties) = preSolution
		HideSolutionNode = FALSE
	EndGlobalSection
	GlobalSection(ExtensibilityGlobals) = postSolution
		SolutionGuid = {0D0B9D11-FA10-48A9-B8BC-AD4644A9B46F}
	EndGlobalSection
EndGlobal
