
Microsoft Visual Studio Solution File, Format Version 12.00
# Visual Studio Version 17
VisualStudioVersion = 17.7.34024.191
MinimumVisualStudioVersion = 10.0.40219.1
Project("{FAE04EC0-301F-11D3-BF4B-00C04F79EFBC}") = "tic tak too", "tic tak too\tic tak too.csproj", "{D016F9A6-8EF0-4C69-BBCA-16CCA47C0BBD}"
EndProject
Global
	GlobalSection(SolutionConfigurationPlatforms) = preSolution
		Debug|Any CPU = Debug|Any CPU
		Release|Any CPU = Release|Any CPU
	EndGlobalSection
	GlobalSection(ProjectConfigurationPlatforms) = postSolution
		{D016F9A6-8EF0-4C69-BBCA-16CCA47C0BBD}.Debug|Any CPU.ActiveCfg = Debug|Any CPU
		{D016F9A6-8EF0-4C69-BBCA-16CCA47C0BBD}.Debug|Any CPU.Build.0 = Debug|Any CPU
		{D016F9A6-8EF0-4C69-BBCA-16CCA47C0BBD}.Release|Any CPU.ActiveCfg = Release|Any CPU
		{D016F9A6-8EF0-4C69-BBCA-16CCA47C0BBD}.Release|Any CPU.Build.0 = Release|Any CPU
	EndGlobalSection
	GlobalSection(SolutionProperties) = preSolution
		HideSolutionNode = FALSE
	EndGlobalSection
	GlobalSection(ExtensibilityGlobals) = postSolution
		SolutionGuid = {C3F14507-BABC-400A-B93A-1B78D3BEFDBD}
	EndGlobalSection
EndGlobal
