
Microsoft Visual Studio Solution File, Format Version 12.00
# Visual Studio Version 17
VisualStudioVersion = 17.7.34024.191
MinimumVisualStudioVersion = 10.0.40219.1
Project("{FAE04EC0-301F-11D3-BF4B-00C04F79EFBC}") = "Events", "Events\Events.csproj", "{C87FB94F-D11D-4647-A199-29A2B64B9BB8}"
EndProject
Project("{9A19103F-16F7-4668-BE54-9A1E7A4F7556}") = "Alarm_Events", "..\Alarm_Events\Alarm_Events\Alarm_Events.csproj", "{8E8BFA56-C969-40B4-8ED1-8C0ADCC73DC6}"
EndProject
Project("{FAE04EC0-301F-11D3-BF4B-00C04F79EFBC}") = "Termostat", "Termostat\Termostat.csproj", "{67ECABD8-6832-459A-A400-A6FEBA999B5C}"
EndProject
Global
	GlobalSection(SolutionConfigurationPlatforms) = preSolution
		Debug|Any CPU = Debug|Any CPU
		Release|Any CPU = Release|Any CPU
	EndGlobalSection
	GlobalSection(ProjectConfigurationPlatforms) = postSolution
		{C87FB94F-D11D-4647-A199-29A2B64B9BB8}.Debug|Any CPU.ActiveCfg = Debug|Any CPU
		{C87FB94F-D11D-4647-A199-29A2B64B9BB8}.Debug|Any CPU.Build.0 = Debug|Any CPU
		{C87FB94F-D11D-4647-A199-29A2B64B9BB8}.Release|Any CPU.ActiveCfg = Release|Any CPU
		{C87FB94F-D11D-4647-A199-29A2B64B9BB8}.Release|Any CPU.Build.0 = Release|Any CPU
		{8E8BFA56-C969-40B4-8ED1-8C0ADCC73DC6}.Debug|Any CPU.ActiveCfg = Debug|Any CPU
		{8E8BFA56-C969-40B4-8ED1-8C0ADCC73DC6}.Debug|Any CPU.Build.0 = Debug|Any CPU
		{8E8BFA56-C969-40B4-8ED1-8C0ADCC73DC6}.Release|Any CPU.ActiveCfg = Release|Any CPU
		{8E8BFA56-C969-40B4-8ED1-8C0ADCC73DC6}.Release|Any CPU.Build.0 = Release|Any CPU
		{67ECABD8-6832-459A-A400-A6FEBA999B5C}.Debug|Any CPU.ActiveCfg = Debug|Any CPU
		{67ECABD8-6832-459A-A400-A6FEBA999B5C}.Debug|Any CPU.Build.0 = Debug|Any CPU
		{67ECABD8-6832-459A-A400-A6FEBA999B5C}.Release|Any CPU.ActiveCfg = Release|Any CPU
		{67ECABD8-6832-459A-A400-A6FEBA999B5C}.Release|Any CPU.Build.0 = Release|Any CPU
	EndGlobalSection
	GlobalSection(SolutionProperties) = preSolution
		HideSolutionNode = FALSE
	EndGlobalSection
	GlobalSection(ExtensibilityGlobals) = postSolution
		SolutionGuid = {230E56E4-919B-4EBB-BF2D-734D3B38FB92}
	EndGlobalSection
EndGlobal
