
Microsoft Visual Studio Solution File, Format Version 12.00
# Visual Studio Version 17
VisualStudioVersion = 17.7.34221.43
MinimumVisualStudioVersion = 10.0.40219.1
Project("{FAE04EC0-301F-11D3-BF4B-00C04F79EFBC}") = "ClassForExample", "ClassForExample\ClassForExample.csproj", "{45D89664-5CD0-4B4C-9D4C-47F0F620803A}"
EndProject
Global
	GlobalSection(SolutionConfigurationPlatforms) = preSolution
		Debug|Any CPU = Debug|Any CPU
		Release|Any CPU = Release|Any CPU
	EndGlobalSection
	GlobalSection(ProjectConfigurationPlatforms) = postSolution
		{45D89664-5CD0-4B4C-9D4C-47F0F620803A}.Debug|Any CPU.ActiveCfg = Debug|Any CPU
		{45D89664-5CD0-4B4C-9D4C-47F0F620803A}.Debug|Any CPU.Build.0 = Debug|Any CPU
		{45D89664-5CD0-4B4C-9D4C-47F0F620803A}.Release|Any CPU.ActiveCfg = Release|Any CPU
		{45D89664-5CD0-4B4C-9D4C-47F0F620803A}.Release|Any CPU.Build.0 = Release|Any CPU
	EndGlobalSection
	GlobalSection(SolutionProperties) = preSolution
		HideSolutionNode = FALSE
	EndGlobalSection
	GlobalSection(ExtensibilityGlobals) = postSolution
		SolutionGuid = {E9E02B4B-50B1-4287-947D-10EE84C94269}
	EndGlobalSection
EndGlobal
