
Microsoft Visual Studio Solution File, Format Version 12.00
# Visual Studio Version 17
VisualStudioVersion = 17.7.34031.279
MinimumVisualStudioVersion = 10.0.40219.1
Project("{FAE04EC0-301F-11D3-BF4B-00C04F79EFBC}") = "Send10filesToUrl", "Send10filesToUrl\Send10filesToUrl.csproj", "{BB6D9760-0413-4AFF-8704-304AB1409F2A}"
EndProject
Global
	GlobalSection(SolutionConfigurationPlatforms) = preSolution
		Debug|Any CPU = Debug|Any CPU
		Release|Any CPU = Release|Any CPU
	EndGlobalSection
	GlobalSection(ProjectConfigurationPlatforms) = postSolution
		{BB6D9760-0413-4AFF-8704-304AB1409F2A}.Debug|Any CPU.ActiveCfg = Debug|Any CPU
		{BB6D9760-0413-4AFF-8704-304AB1409F2A}.Debug|Any CPU.Build.0 = Debug|Any CPU
		{BB6D9760-0413-4AFF-8704-304AB1409F2A}.Release|Any CPU.ActiveCfg = Release|Any CPU
		{BB6D9760-0413-4AFF-8704-304AB1409F2A}.Release|Any CPU.Build.0 = Release|Any CPU
	EndGlobalSection
	GlobalSection(SolutionProperties) = preSolution
		HideSolutionNode = FALSE
	EndGlobalSection
	GlobalSection(ExtensibilityGlobals) = postSolution
		SolutionGuid = {C41E675C-6779-4A0C-A93A-4C0288AF9C4D}
	EndGlobalSection
EndGlobal
