
Microsoft Visual Studio Solution File, Format Version 12.00
# Visual Studio Version 17
VisualStudioVersion = 17.7.34018.315
MinimumVisualStudioVersion = 10.0.40219.1
Project("{9A19103F-16F7-4668-BE54-9A1E7A4F7556}") = "GameCenter", "GameCenter\GameCenter.csproj", "{A9E4466F-66ED-4005-8FF3-EA17ED89637C}"
EndProject
Project("{9A19103F-16F7-4668-BE54-9A1E7A4F7556}") = "TodoApp", "TodoApp\TodoApp.csproj", "{ADA95610-6C4E-4075-89A5-E0B4EFD82A68}"
EndProject
Project("{9A19103F-16F7-4668-BE54-9A1E7A4F7556}") = "ToDoListScroll", "..\ToDoListScroll\ToDoListScroll\ToDoListScroll.csproj", "{48A7C077-9D5E-421F-8B09-7A4FB8B0ACE6}"
EndProject
Project("{9A19103F-16F7-4668-BE54-9A1E7A4F7556}") = "Calendar", "Calendar\Calendar.csproj", "{DC5D31A2-7BE2-4673-AB5E-BF177335E353}"
EndProject
Project("{FAE04EC0-301F-11D3-BF4B-00C04F79EFBC}") = "MyToDo_App", "MyToDo_App\MyToDo_App.csproj", "{F46C825A-796A-4A72-B4CF-5870C3508F48}"
EndProject
Global
	GlobalSection(SolutionConfigurationPlatforms) = preSolution
		Debug|Any CPU = Debug|Any CPU
		Release|Any CPU = Release|Any CPU
	EndGlobalSection
	GlobalSection(ProjectConfigurationPlatforms) = postSolution
		{A9E4466F-66ED-4005-8FF3-EA17ED89637C}.Debug|Any CPU.ActiveCfg = Debug|Any CPU
		{A9E4466F-66ED-4005-8FF3-EA17ED89637C}.Debug|Any CPU.Build.0 = Debug|Any CPU
		{A9E4466F-66ED-4005-8FF3-EA17ED89637C}.Release|Any CPU.ActiveCfg = Release|Any CPU
		{A9E4466F-66ED-4005-8FF3-EA17ED89637C}.Release|Any CPU.Build.0 = Release|Any CPU
		{ADA95610-6C4E-4075-89A5-E0B4EFD82A68}.Debug|Any CPU.ActiveCfg = Debug|Any CPU
		{ADA95610-6C4E-4075-89A5-E0B4EFD82A68}.Debug|Any CPU.Build.0 = Debug|Any CPU
		{ADA95610-6C4E-4075-89A5-E0B4EFD82A68}.Release|Any CPU.ActiveCfg = Release|Any CPU
		{ADA95610-6C4E-4075-89A5-E0B4EFD82A68}.Release|Any CPU.Build.0 = Release|Any CPU
		{48A7C077-9D5E-421F-8B09-7A4FB8B0ACE6}.Debug|Any CPU.ActiveCfg = Debug|Any CPU
		{48A7C077-9D5E-421F-8B09-7A4FB8B0ACE6}.Debug|Any CPU.Build.0 = Debug|Any CPU
		{48A7C077-9D5E-421F-8B09-7A4FB8B0ACE6}.Release|Any CPU.ActiveCfg = Release|Any CPU
		{48A7C077-9D5E-421F-8B09-7A4FB8B0ACE6}.Release|Any CPU.Build.0 = Release|Any CPU
		{DC5D31A2-7BE2-4673-AB5E-BF177335E353}.Debug|Any CPU.ActiveCfg = Debug|Any CPU
		{DC5D31A2-7BE2-4673-AB5E-BF177335E353}.Debug|Any CPU.Build.0 = Debug|Any CPU
		{DC5D31A2-7BE2-4673-AB5E-BF177335E353}.Release|Any CPU.ActiveCfg = Release|Any CPU
		{DC5D31A2-7BE2-4673-AB5E-BF177335E353}.Release|Any CPU.Build.0 = Release|Any CPU
		{F46C825A-796A-4A72-B4CF-5870C3508F48}.Debug|Any CPU.ActiveCfg = Debug|Any CPU
		{F46C825A-796A-4A72-B4CF-5870C3508F48}.Debug|Any CPU.Build.0 = Debug|Any CPU
		{F46C825A-796A-4A72-B4CF-5870C3508F48}.Release|Any CPU.ActiveCfg = Release|Any CPU
		{F46C825A-796A-4A72-B4CF-5870C3508F48}.Release|Any CPU.Build.0 = Release|Any CPU
	EndGlobalSection
	GlobalSection(SolutionProperties) = preSolution
		HideSolutionNode = FALSE
	EndGlobalSection
	GlobalSection(ExtensibilityGlobals) = postSolution
		SolutionGuid = {F083A8ED-3500-4961-9173-182627FACF61}
	EndGlobalSection
EndGlobal
