
Microsoft Visual Studio Solution File, Format Version 12.00
# Visual Studio Version 17
VisualStudioVersion = 17.7.34024.191
MinimumVisualStudioVersion = 10.0.40219.1
Project("{FAE04EC0-301F-11D3-BF4B-00C04F79EFBC}") = "User_Interface", "User_Interface\User_Interface.csproj", "{61A2CCC4-B7B6-43C8-BFBF-D0657A3F98A1}"
EndProject
Global
	GlobalSection(SolutionConfigurationPlatforms) = preSolution
		Debug|Any CPU = Debug|Any CPU
		Release|Any CPU = Release|Any CPU
	EndGlobalSection
	GlobalSection(ProjectConfigurationPlatforms) = postSolution
		{61A2CCC4-B7B6-43C8-BFBF-D0657A3F98A1}.Debug|Any CPU.ActiveCfg = Debug|Any CPU
		{61A2CCC4-B7B6-43C8-BFBF-D0657A3F98A1}.Debug|Any CPU.Build.0 = Debug|Any CPU
		{61A2CCC4-B7B6-43C8-BFBF-D0657A3F98A1}.Release|Any CPU.ActiveCfg = Release|Any CPU
		{61A2CCC4-B7B6-43C8-BFBF-D0657A3F98A1}.Release|Any CPU.Build.0 = Release|Any CPU
	EndGlobalSection
	GlobalSection(SolutionProperties) = preSolution
		HideSolutionNode = FALSE
	EndGlobalSection
	GlobalSection(ExtensibilityGlobals) = postSolution
		SolutionGuid = {AA6AC5DC-1D30-4CFE-B85D-FDCB8B0CF6F1}
	EndGlobalSection
EndGlobal
