
Microsoft Visual Studio Solution File, Format Version 12.00
# Visual Studio Version 17
VisualStudioVersion = 17.7.34018.315
MinimumVisualStudioVersion = 10.0.40219.1
Project("{FAE04EC0-301F-11D3-BF4B-00C04F79EFBC}") = "Creating_multi_page", "Creating_multi_page\Creating_multi_page.csproj", "{74880A59-5B6A-4966-A2F5-967B3C526459}"
EndProject
Project("{FAE04EC0-301F-11D3-BF4B-00C04F79EFBC}") = "MultiPage_AllPageInList", "MultiPage_AllPageInList\MultiPage_AllPageInList.csproj", "{2525A212-8B20-4155-8B88-6DDEC6F33BB0}"
EndProject
Project("{FAE04EC0-301F-11D3-BF4B-00C04F79EFBC}") = "ChangePages_by_Slide", "ChangePages_by_Slide\ChangePages_by_Slide.csproj", "{47D6A016-2DA8-4399-B21F-4C2D6465E97E}"
EndProject
Global
	GlobalSection(SolutionConfigurationPlatforms) = preSolution
		Debug|Any CPU = Debug|Any CPU
		Release|Any CPU = Release|Any CPU
	EndGlobalSection
	GlobalSection(ProjectConfigurationPlatforms) = postSolution
		{74880A59-5B6A-4966-A2F5-967B3C526459}.Debug|Any CPU.ActiveCfg = Debug|Any CPU
		{74880A59-5B6A-4966-A2F5-967B3C526459}.Debug|Any CPU.Build.0 = Debug|Any CPU
		{74880A59-5B6A-4966-A2F5-967B3C526459}.Release|Any CPU.ActiveCfg = Release|Any CPU
		{74880A59-5B6A-4966-A2F5-967B3C526459}.Release|Any CPU.Build.0 = Release|Any CPU
		{2525A212-8B20-4155-8B88-6DDEC6F33BB0}.Debug|Any CPU.ActiveCfg = Debug|Any CPU
		{2525A212-8B20-4155-8B88-6DDEC6F33BB0}.Debug|Any CPU.Build.0 = Debug|Any CPU
		{2525A212-8B20-4155-8B88-6DDEC6F33BB0}.Release|Any CPU.ActiveCfg = Release|Any CPU
		{2525A212-8B20-4155-8B88-6DDEC6F33BB0}.Release|Any CPU.Build.0 = Release|Any CPU
		{47D6A016-2DA8-4399-B21F-4C2D6465E97E}.Debug|Any CPU.ActiveCfg = Debug|Any CPU
		{47D6A016-2DA8-4399-B21F-4C2D6465E97E}.Debug|Any CPU.Build.0 = Debug|Any CPU
		{47D6A016-2DA8-4399-B21F-4C2D6465E97E}.Release|Any CPU.ActiveCfg = Release|Any CPU
		{47D6A016-2DA8-4399-B21F-4C2D6465E97E}.Release|Any CPU.Build.0 = Release|Any CPU
	EndGlobalSection
	GlobalSection(SolutionProperties) = preSolution
		HideSolutionNode = FALSE
	EndGlobalSection
	GlobalSection(ExtensibilityGlobals) = postSolution
		SolutionGuid = {CD71794D-CA8C-4E62-86E7-C7A118F8CFA0}
	EndGlobalSection
EndGlobal
