
Microsoft Visual Studio Solution File, Format Version 12.00
# Visual Studio Version 16
VisualStudioVersion = 16.0.30907.101
MinimumVisualStudioVersion = 10.0.40219.1
Project("{FAE04EC0-301F-11D3-BF4B-00C04F79EFBC}") = "Shape abstract project", "Shape abstract project\Shape abstract project.csproj", "{03DE9B75-46E0-44EE-BAFC-309DB15B1C7A}"
EndProject
Global
	GlobalSection(SolutionConfigurationPlatforms) = preSolution
		Debug|Any CPU = Debug|Any CPU
		Release|Any CPU = Release|Any CPU
	EndGlobalSection
	GlobalSection(ProjectConfigurationPlatforms) = postSolution
		{03DE9B75-46E0-44EE-BAFC-309DB15B1C7A}.Debug|Any CPU.ActiveCfg = Debug|Any CPU
		{03DE9B75-46E0-44EE-BAFC-309DB15B1C7A}.Debug|Any CPU.Build.0 = Debug|Any CPU
		{03DE9B75-46E0-44EE-BAFC-309DB15B1C7A}.Release|Any CPU.ActiveCfg = Release|Any CPU
		{03DE9B75-46E0-44EE-BAFC-309DB15B1C7A}.Release|Any CPU.Build.0 = Release|Any CPU
	EndGlobalSection
	GlobalSection(SolutionProperties) = preSolution
		HideSolutionNode = FALSE
	EndGlobalSection
	GlobalSection(ExtensibilityGlobals) = postSolution
		SolutionGuid = {2E2D3D2F-B279-4ED0-9FBB-4C0732B40D95}
	EndGlobalSection
EndGlobal
